
Microsoft Visual Studio Solution File, Format Version 11.00
# Visual Studio 2010
Project("{FAE04EC0-301F-11D3-BF4B-00C04F79EFBC}") = "markerlessAR", "Assembly-CSharp.csproj", "{0A851B8B-7247-5EBA-4644-41AA4CC03034}"
EndProject
Project("{FAE04EC0-301F-11D3-BF4B-00C04F79EFBC}") = "markerlessAR", "Assembly-CSharp-firstpass.csproj", "{6AA27A51-1233-2D98-13CC-CE5BDA53A903}"
EndProject
Project("{FAE04EC0-301F-11D3-BF4B-00C04F79EFBC}") = "markerlessAR", "Assembly-CSharp-Editor.csproj", "{1654BFAB-F514-21C1-5845-4BF7F161E2CC}"
EndProject
Global
	GlobalSection(SolutionConfigurationPlatforms) = preSolution
		Debug|Any CPU = Debug|Any CPU
		Release|Any CPU = Release|Any CPU
	EndGlobalSection
	GlobalSection(ProjectConfigurationPlatforms) = postSolution
		{0A851B8B-7247-5EBA-4644-41AA4CC03034}.Debug|Any CPU.ActiveCfg = Debug|Any CPU
		{0A851B8B-7247-5EBA-4644-41AA4CC03034}.Debug|Any CPU.Build.0 = Debug|Any CPU
		{0A851B8B-7247-5EBA-4644-41AA4CC03034}.Release|Any CPU.ActiveCfg = Release|Any CPU
		{0A851B8B-7247-5EBA-4644-41AA4CC03034}.Release|Any CPU.Build.0 = Release|Any CPU
		{6AA27A51-1233-2D98-13CC-CE5BDA53A903}.Debug|Any CPU.ActiveCfg = Debug|Any CPU
		{6AA27A51-1233-2D98-13CC-CE5BDA53A903}.Debug|Any CPU.Build.0 = Debug|Any CPU
		{6AA27A51-1233-2D98-13CC-CE5BDA53A903}.Release|Any CPU.ActiveCfg = Release|Any CPU
		{6AA27A51-1233-2D98-13CC-CE5BDA53A903}.Release|Any CPU.Build.0 = Release|Any CPU
		{1654BFAB-F514-21C1-5845-4BF7F161E2CC}.Debug|Any CPU.ActiveCfg = Debug|Any CPU
		{1654BFAB-F514-21C1-5845-4BF7F161E2CC}.Debug|Any CPU.Build.0 = Debug|Any CPU
		{1654BFAB-F514-21C1-5845-4BF7F161E2CC}.Release|Any CPU.ActiveCfg = Release|Any CPU
		{1654BFAB-F514-21C1-5845-4BF7F161E2CC}.Release|Any CPU.Build.0 = Release|Any CPU
	EndGlobalSection
	GlobalSection(SolutionProperties) = preSolution
		HideSolutionNode = FALSE
	EndGlobalSection
	GlobalSection(MonoDevelopProperties) = preSolution
		StartupItem = Assembly-CSharp.csproj
	EndGlobalSection
EndGlobal
